
Microsoft Visual Studio Solution File, Format Version 12.00
# Visual Studio Version 16
VisualStudioVersion = 16.0.31515.178
MinimumVisualStudioVersion = 10.0.40219.1
Project("{FAE04EC0-301F-11D3-BF4B-00C04F79EFBC}") = "ConsoleApptesting", "ConsoleApptesting\ConsoleApptesting.csproj", "{ECED15D1-00FE-496B-AD4A-461C8A45B357}"
EndProject
Project("{FAE04EC0-301F-11D3-BF4B-00C04F79EFBC}") = "WpfAppTesting", "WpfAppTesting\WpfAppTesting.csproj", "{B01F4CEC-9C90-40A3-A3BC-B8D5BAE75CA2}"
EndProject
Project("{FAE04EC0-301F-11D3-BF4B-00C04F79EFBC}") = "WebApplicationTestingMVC", "WebApplicationTestingMVC\WebApplicationTestingMVC.csproj", "{156E0547-9651-4A58-831E-9A0D02B2EE43}"
EndProject
Global
	GlobalSection(SolutionConfigurationPlatforms) = preSolution
		Debug|Any CPU = Debug|Any CPU
		Release|Any CPU = Release|Any CPU
	EndGlobalSection
	GlobalSection(ProjectConfigurationPlatforms) = postSolution
		{ECED15D1-00FE-496B-AD4A-461C8A45B357}.Debug|Any CPU.ActiveCfg = Debug|Any CPU
		{ECED15D1-00FE-496B-AD4A-461C8A45B357}.Debug|Any CPU.Build.0 = Debug|Any CPU
		{ECED15D1-00FE-496B-AD4A-461C8A45B357}.Release|Any CPU.ActiveCfg = Release|Any CPU
		{ECED15D1-00FE-496B-AD4A-461C8A45B357}.Release|Any CPU.Build.0 = Release|Any CPU
		{B01F4CEC-9C90-40A3-A3BC-B8D5BAE75CA2}.Debug|Any CPU.ActiveCfg = Debug|Any CPU
		{B01F4CEC-9C90-40A3-A3BC-B8D5BAE75CA2}.Debug|Any CPU.Build.0 = Debug|Any CPU
		{B01F4CEC-9C90-40A3-A3BC-B8D5BAE75CA2}.Release|Any CPU.ActiveCfg = Release|Any CPU
		{B01F4CEC-9C90-40A3-A3BC-B8D5BAE75CA2}.Release|Any CPU.Build.0 = Release|Any CPU
		{156E0547-9651-4A58-831E-9A0D02B2EE43}.Debug|Any CPU.ActiveCfg = Debug|Any CPU
		{156E0547-9651-4A58-831E-9A0D02B2EE43}.Debug|Any CPU.Build.0 = Debug|Any CPU
		{156E0547-9651-4A58-831E-9A0D02B2EE43}.Release|Any CPU.ActiveCfg = Release|Any CPU
		{156E0547-9651-4A58-831E-9A0D02B2EE43}.Release|Any CPU.Build.0 = Release|Any CPU
	EndGlobalSection
	GlobalSection(SolutionProperties) = preSolution
		HideSolutionNode = FALSE
	EndGlobalSection
	GlobalSection(ExtensibilityGlobals) = postSolution
		SolutionGuid = {61FF09C7-A38F-4F75-8F89-62D48084DAF3}
	EndGlobalSection
EndGlobal
